
Microsoft Visual Studio Solution File, Format Version 12.00
# Visual Studio Version 16
VisualStudioVersion = 16.0.28922.388
MinimumVisualStudioVersion = 10.0.40219.1
Project("{FAE04EC0-301F-11D3-BF4B-00C04F79EFBC}") = "XamarinTest2.UWP", "XamarinTest2\XamarinTest2.UWP\XamarinTest2.UWP.csproj", "{BAF1ECDF-36F9-4EAE-87F4-C6A8D75C2BD2}"
EndProject
Project("{FAE04EC0-301F-11D3-BF4B-00C04F79EFBC}") = "XamarinTest2.Android", "XamarinTest2\XamarinTest2.Android\XamarinTest2.Android.csproj", "{27223BDD-F40B-432C-8B19-114C900DED31}"
EndProject
Project("{FAE04EC0-301F-11D3-BF4B-00C04F79EFBC}") = "XamarinTest2.iOS", "XamarinTest2\XamarinTest2.iOS\XamarinTest2.iOS.csproj", "{1D5A1582-3842-4567-82D6-8E5BECEDFB0D}"
EndProject
Project("{FAE04EC0-301F-11D3-BF4B-00C04F79EFBC}") = "XamarinTest2", "XamarinTest2\XamarinTest2\XamarinTest2.csproj", "{889B7D17-9CD7-4AFC-B3EB-50F7DB2920B8}"
EndProject
Global
	GlobalSection(SolutionConfigurationPlatforms) = preSolution
		Debug|Any CPU = Debug|Any CPU
		Debug|ARM = Debug|ARM
		Debug|iPhone = Debug|iPhone
		Debug|iPhoneSimulator = Debug|iPhoneSimulator
		Debug|x64 = Debug|x64
		Debug|x86 = Debug|x86
		Release|Any CPU = Release|Any CPU
		Release|ARM = Release|ARM
		Release|iPhone = Release|iPhone
		Release|iPhoneSimulator = Release|iPhoneSimulator
		Release|x64 = Release|x64
		Release|x86 = Release|x86
	EndGlobalSection
	GlobalSection(ProjectConfigurationPlatforms) = postSolution
		{BAF1ECDF-36F9-4EAE-87F4-C6A8D75C2BD2}.Debug|Any CPU.ActiveCfg = Debug|x86
		{BAF1ECDF-36F9-4EAE-87F4-C6A8D75C2BD2}.Debug|Any CPU.Build.0 = Debug|x86
		{BAF1ECDF-36F9-4EAE-87F4-C6A8D75C2BD2}.Debug|Any CPU.Deploy.0 = Debug|x86
		{BAF1ECDF-36F9-4EAE-87F4-C6A8D75C2BD2}.Debug|ARM.ActiveCfg = Debug|ARM
		{BAF1ECDF-36F9-4EAE-87F4-C6A8D75C2BD2}.Debug|ARM.Build.0 = Debug|ARM
		{BAF1ECDF-36F9-4EAE-87F4-C6A8D75C2BD2}.Debug|ARM.Deploy.0 = Debug|ARM
		{BAF1ECDF-36F9-4EAE-87F4-C6A8D75C2BD2}.Debug|iPhone.ActiveCfg = Debug|x86
		{BAF1ECDF-36F9-4EAE-87F4-C6A8D75C2BD2}.Debug|iPhone.Build.0 = Debug|x86
		{BAF1ECDF-36F9-4EAE-87F4-C6A8D75C2BD2}.Debug|iPhone.Deploy.0 = Debug|x86
		{BAF1ECDF-36F9-4EAE-87F4-C6A8D75C2BD2}.Debug|iPhoneSimulator.ActiveCfg = Debug|x86
		{BAF1ECDF-36F9-4EAE-87F4-C6A8D75C2BD2}.Debug|iPhoneSimulator.Build.0 = Debug|x86
		{BAF1ECDF-36F9-4EAE-87F4-C6A8D75C2BD2}.Debug|iPhoneSimulator.Deploy.0 = Debug|x86
		{BAF1ECDF-36F9-4EAE-87F4-C6A8D75C2BD2}.Debug|x64.ActiveCfg = Debug|x64
		{BAF1ECDF-36F9-4EAE-87F4-C6A8D75C2BD2}.Debug|x64.Build.0 = Debug|x64
		{BAF1ECDF-36F9-4EAE-87F4-C6A8D75C2BD2}.Debug|x64.Deploy.0 = Debug|x64
		{BAF1ECDF-36F9-4EAE-87F4-C6A8D75C2BD2}.Debug|x86.ActiveCfg = Debug|x86
		{BAF1ECDF-36F9-4EAE-87F4-C6A8D75C2BD2}.Debug|x86.Build.0 = Debug|x86
		{BAF1ECDF-36F9-4EAE-87F4-C6A8D75C2BD2}.Debug|x86.Deploy.0 = Debug|x86
		{BAF1ECDF-36F9-4EAE-87F4-C6A8D75C2BD2}.Release|Any CPU.ActiveCfg = Release|x86
		{BAF1ECDF-36F9-4EAE-87F4-C6A8D75C2BD2}.Release|Any CPU.Build.0 = Release|x86
		{BAF1ECDF-36F9-4EAE-87F4-C6A8D75C2BD2}.Release|Any CPU.Deploy.0 = Release|x86
		{BAF1ECDF-36F9-4EAE-87F4-C6A8D75C2BD2}.Release|ARM.ActiveCfg = Release|ARM
		{BAF1ECDF-36F9-4EAE-87F4-C6A8D75C2BD2}.Release|ARM.Build.0 = Release|ARM
		{BAF1ECDF-36F9-4EAE-87F4-C6A8D75C2BD2}.Release|ARM.Deploy.0 = Release|ARM
		{BAF1ECDF-36F9-4EAE-87F4-C6A8D75C2BD2}.Release|iPhone.ActiveCfg = Release|x86
		{BAF1ECDF-36F9-4EAE-87F4-C6A8D75C2BD2}.Release|iPhone.Build.0 = Release|x86
		{BAF1ECDF-36F9-4EAE-87F4-C6A8D75C2BD2}.Release|iPhone.Deploy.0 = Release|x86
		{BAF1ECDF-36F9-4EAE-87F4-C6A8D75C2BD2}.Release|iPhoneSimulator.ActiveCfg = Release|x86
		{BAF1ECDF-36F9-4EAE-87F4-C6A8D75C2BD2}.Release|iPhoneSimulator.Build.0 = Release|x86
		{BAF1ECDF-36F9-4EAE-87F4-C6A8D75C2BD2}.Release|iPhoneSimulator.Deploy.0 = Release|x86
		{BAF1ECDF-36F9-4EAE-87F4-C6A8D75C2BD2}.Release|x64.ActiveCfg = Release|x64
		{BAF1ECDF-36F9-4EAE-87F4-C6A8D75C2BD2}.Release|x64.Build.0 = Release|x64
		{BAF1ECDF-36F9-4EAE-87F4-C6A8D75C2BD2}.Release|x64.Deploy.0 = Release|x64
		{BAF1ECDF-36F9-4EAE-87F4-C6A8D75C2BD2}.Release|x86.ActiveCfg = Release|x86
		{BAF1ECDF-36F9-4EAE-87F4-C6A8D75C2BD2}.Release|x86.Build.0 = Release|x86
		{BAF1ECDF-36F9-4EAE-87F4-C6A8D75C2BD2}.Release|x86.Deploy.0 = Release|x86
		{27223BDD-F40B-432C-8B19-114C900DED31}.Debug|Any CPU.ActiveCfg = Debug|Any CPU
		{27223BDD-F40B-432C-8B19-114C900DED31}.Debug|Any CPU.Build.0 = Debug|Any CPU
		{27223BDD-F40B-432C-8B19-114C900DED31}.Debug|Any CPU.Deploy.0 = Debug|Any CPU
		{27223BDD-F40B-432C-8B19-114C900DED31}.Debug|ARM.ActiveCfg = Debug|Any CPU
		{27223BDD-F40B-432C-8B19-114C900DED31}.Debug|ARM.Build.0 = Debug|Any CPU
		{27223BDD-F40B-432C-8B19-114C900DED31}.Debug|ARM.Deploy.0 = Debug|Any CPU
		{27223BDD-F40B-432C-8B19-114C900DED31}.Debug|iPhone.ActiveCfg = Debug|Any CPU
		{27223BDD-F40B-432C-8B19-114C900DED31}.Debug|iPhone.Build.0 = Debug|Any CPU
		{27223BDD-F40B-432C-8B19-114C900DED31}.Debug|iPhone.Deploy.0 = Debug|Any CPU
		{27223BDD-F40B-432C-8B19-114C900DED31}.Debug|iPhoneSimulator.ActiveCfg = Debug|Any CPU
		{27223BDD-F40B-432C-8B19-114C900DED31}.Debug|iPhoneSimulator.Build.0 = Debug|Any CPU
		{27223BDD-F40B-432C-8B19-114C900DED31}.Debug|iPhoneSimulator.Deploy.0 = Debug|Any CPU
		{27223BDD-F40B-432C-8B19-114C900DED31}.Debug|x64.ActiveCfg = Debug|Any CPU
		{27223BDD-F40B-432C-8B19-114C900DED31}.Debug|x64.Build.0 = Debug|Any CPU
		{27223BDD-F40B-432C-8B19-114C900DED31}.Debug|x64.Deploy.0 = Debug|Any CPU
		{27223BDD-F40B-432C-8B19-114C900DED31}.Debug|x86.ActiveCfg = Debug|Any CPU
		{27223BDD-F40B-432C-8B19-114C900DED31}.Debug|x86.Build.0 = Debug|Any CPU
		{27223BDD-F40B-432C-8B19-114C900DED31}.Debug|x86.Deploy.0 = Debug|Any CPU
		{27223BDD-F40B-432C-8B19-114C900DED31}.Release|Any CPU.ActiveCfg = Release|Any CPU
		{27223BDD-F40B-432C-8B19-114C900DED31}.Release|Any CPU.Build.0 = Release|Any CPU
		{27223BDD-F40B-432C-8B19-114C900DED31}.Release|Any CPU.Deploy.0 = Release|Any CPU
		{27223BDD-F40B-432C-8B19-114C900DED31}.Release|ARM.ActiveCfg = Release|Any CPU
		{27223BDD-F40B-432C-8B19-114C900DED31}.Release|ARM.Build.0 = Release|Any CPU
		{27223BDD-F40B-432C-8B19-114C900DED31}.Release|ARM.Deploy.0 = Release|Any CPU
		{27223BDD-F40B-432C-8B19-114C900DED31}.Release|iPhone.ActiveCfg = Release|Any CPU
		{27223BDD-F40B-432C-8B19-114C900DED31}.Release|iPhone.Build.0 = Release|Any CPU
		{27223BDD-F40B-432C-8B19-114C900DED31}.Release|iPhone.Deploy.0 = Release|Any CPU
		{27223BDD-F40B-432C-8B19-114C900DED31}.Release|iPhoneSimulator.ActiveCfg = Release|Any CPU
		{27223BDD-F40B-432C-8B19-114C900DED31}.Release|iPhoneSimulator.Build.0 = Release|Any CPU
		{27223BDD-F40B-432C-8B19-114C900DED31}.Release|iPhoneSimulator.Deploy.0 = Release|Any CPU
		{27223BDD-F40B-432C-8B19-114C900DED31}.Release|x64.ActiveCfg = Release|Any CPU
		{27223BDD-F40B-432C-8B19-114C900DED31}.Release|x64.Build.0 = Release|Any CPU
		{27223BDD-F40B-432C-8B19-114C900DED31}.Release|x64.Deploy.0 = Release|Any CPU
		{27223BDD-F40B-432C-8B19-114C900DED31}.Release|x86.ActiveCfg = Release|Any CPU
		{27223BDD-F40B-432C-8B19-114C900DED31}.Release|x86.Build.0 = Release|Any CPU
		{27223BDD-F40B-432C-8B19-114C900DED31}.Release|x86.Deploy.0 = Release|Any CPU
		{1D5A1582-3842-4567-82D6-8E5BECEDFB0D}.Debug|Any CPU.ActiveCfg = Debug|iPhone
		{1D5A1582-3842-4567-82D6-8E5BECEDFB0D}.Debug|Any CPU.Build.0 = Debug|iPhone
		{1D5A1582-3842-4567-82D6-8E5BECEDFB0D}.Debug|Any CPU.Deploy.0 = Debug|iPhone
		{1D5A1582-3842-4567-82D6-8E5BECEDFB0D}.Debug|ARM.ActiveCfg = Debug|iPhoneSimulator
		{1D5A1582-3842-4567-82D6-8E5BECEDFB0D}.Debug|ARM.Build.0 = Debug|iPhoneSimulator
		{1D5A1582-3842-4567-82D6-8E5BECEDFB0D}.Debug|ARM.Deploy.0 = Debug|iPhoneSimulator
		{1D5A1582-3842-4567-82D6-8E5BECEDFB0D}.Debug|iPhone.ActiveCfg = Debug|iPhone
		{1D5A1582-3842-4567-82D6-8E5BECEDFB0D}.Debug|iPhone.Build.0 = Debug|iPhone
		{1D5A1582-3842-4567-82D6-8E5BECEDFB0D}.Debug|iPhone.Deploy.0 = Debug|iPhone
		{1D5A1582-3842-4567-82D6-8E5BECEDFB0D}.Debug|iPhoneSimulator.ActiveCfg = Debug|iPhoneSimulator
		{1D5A1582-3842-4567-82D6-8E5BECEDFB0D}.Debug|iPhoneSimulator.Build.0 = Debug|iPhoneSimulator
		{1D5A1582-3842-4567-82D6-8E5BECEDFB0D}.Debug|iPhoneSimulator.Deploy.0 = Debug|iPhoneSimulator
		{1D5A1582-3842-4567-82D6-8E5BECEDFB0D}.Debug|x64.ActiveCfg = Debug|iPhone
		{1D5A1582-3842-4567-82D6-8E5BECEDFB0D}.Debug|x64.Build.0 = Debug|iPhone
		{1D5A1582-3842-4567-82D6-8E5BECEDFB0D}.Debug|x64.Deploy.0 = Debug|iPhone
		{1D5A1582-3842-4567-82D6-8E5BECEDFB0D}.Debug|x86.ActiveCfg = Debug|iPhone
		{1D5A1582-3842-4567-82D6-8E5BECEDFB0D}.Debug|x86.Build.0 = Debug|iPhone
		{1D5A1582-3842-4567-82D6-8E5BECEDFB0D}.Debug|x86.Deploy.0 = Debug|iPhone
		{1D5A1582-3842-4567-82D6-8E5BECEDFB0D}.Release|Any CPU.ActiveCfg = Release|iPhone
		{1D5A1582-3842-4567-82D6-8E5BECEDFB0D}.Release|Any CPU.Build.0 = Release|iPhone
		{1D5A1582-3842-4567-82D6-8E5BECEDFB0D}.Release|Any CPU.Deploy.0 = Release|iPhone
		{1D5A1582-3842-4567-82D6-8E5BECEDFB0D}.Release|ARM.ActiveCfg = Release|iPhone
		{1D5A1582-3842-4567-82D6-8E5BECEDFB0D}.Release|ARM.Build.0 = Release|iPhone
		{1D5A1582-3842-4567-82D6-8E5BECEDFB0D}.Release|ARM.Deploy.0 = Release|iPhone
		{1D5A1582-3842-4567-82D6-8E5BECEDFB0D}.Release|iPhone.ActiveCfg = Release|iPhone
		{1D5A1582-3842-4567-82D6-8E5BECEDFB0D}.Release|iPhone.Build.0 = Release|iPhone
		{1D5A1582-3842-4567-82D6-8E5BECEDFB0D}.Release|iPhone.Deploy.0 = Release|iPhone
		{1D5A1582-3842-4567-82D6-8E5BECEDFB0D}.Release|iPhoneSimulator.ActiveCfg = Release|iPhoneSimulator
		{1D5A1582-3842-4567-82D6-8E5BECEDFB0D}.Release|iPhoneSimulator.Build.0 = Release|iPhoneSimulator
		{1D5A1582-3842-4567-82D6-8E5BECEDFB0D}.Release|iPhoneSimulator.Deploy.0 = Release|iPhoneSimulator
		{1D5A1582-3842-4567-82D6-8E5BECEDFB0D}.Release|x64.ActiveCfg = Release|iPhone
		{1D5A1582-3842-4567-82D6-8E5BECEDFB0D}.Release|x64.Build.0 = Release|iPhone
		{1D5A1582-3842-4567-82D6-8E5BECEDFB0D}.Release|x64.Deploy.0 = Release|iPhone
		{1D5A1582-3842-4567-82D6-8E5BECEDFB0D}.Release|x86.ActiveCfg = Release|iPhone
		{1D5A1582-3842-4567-82D6-8E5BECEDFB0D}.Release|x86.Build.0 = Release|iPhone
		{1D5A1582-3842-4567-82D6-8E5BECEDFB0D}.Release|x86.Deploy.0 = Release|iPhone
		{889B7D17-9CD7-4AFC-B3EB-50F7DB2920B8}.Debug|Any CPU.ActiveCfg = Debug|Any CPU
		{889B7D17-9CD7-4AFC-B3EB-50F7DB2920B8}.Debug|Any CPU.Build.0 = Debug|Any CPU
		{889B7D17-9CD7-4AFC-B3EB-50F7DB2920B8}.Debug|Any CPU.Deploy.0 = Debug|Any CPU
		{889B7D17-9CD7-4AFC-B3EB-50F7DB2920B8}.Debug|ARM.ActiveCfg = Debug|Any CPU
		{889B7D17-9CD7-4AFC-B3EB-50F7DB2920B8}.Debug|ARM.Build.0 = Debug|Any CPU
		{889B7D17-9CD7-4AFC-B3EB-50F7DB2920B8}.Debug|ARM.Deploy.0 = Debug|Any CPU
		{889B7D17-9CD7-4AFC-B3EB-50F7DB2920B8}.Debug|iPhone.ActiveCfg = Debug|Any CPU
		{889B7D17-9CD7-4AFC-B3EB-50F7DB2920B8}.Debug|iPhone.Build.0 = Debug|Any CPU
		{889B7D17-9CD7-4AFC-B3EB-50F7DB2920B8}.Debug|iPhone.Deploy.0 = Debug|Any CPU
		{889B7D17-9CD7-4AFC-B3EB-50F7DB2920B8}.Debug|iPhoneSimulator.ActiveCfg = Debug|Any CPU
		{889B7D17-9CD7-4AFC-B3EB-50F7DB2920B8}.Debug|iPhoneSimulator.Build.0 = Debug|Any CPU
		{889B7D17-9CD7-4AFC-B3EB-50F7DB2920B8}.Debug|iPhoneSimulator.Deploy.0 = Debug|Any CPU
		{889B7D17-9CD7-4AFC-B3EB-50F7DB2920B8}.Debug|x64.ActiveCfg = Debug|Any CPU
		{889B7D17-9CD7-4AFC-B3EB-50F7DB2920B8}.Debug|x64.Build.0 = Debug|Any CPU
		{889B7D17-9CD7-4AFC-B3EB-50F7DB2920B8}.Debug|x64.Deploy.0 = Debug|Any CPU
		{889B7D17-9CD7-4AFC-B3EB-50F7DB2920B8}.Debug|x86.ActiveCfg = Debug|Any CPU
		{889B7D17-9CD7-4AFC-B3EB-50F7DB2920B8}.Debug|x86.Build.0 = Debug|Any CPU
		{889B7D17-9CD7-4AFC-B3EB-50F7DB2920B8}.Debug|x86.Deploy.0 = Debug|Any CPU
		{889B7D17-9CD7-4AFC-B3EB-50F7DB2920B8}.Release|Any CPU.ActiveCfg = Release|Any CPU
		{889B7D17-9CD7-4AFC-B3EB-50F7DB2920B8}.Release|Any CPU.Build.0 = Release|Any CPU
		{889B7D17-9CD7-4AFC-B3EB-50F7DB2920B8}.Release|Any CPU.Deploy.0 = Release|Any CPU
		{889B7D17-9CD7-4AFC-B3EB-50F7DB2920B8}.Release|ARM.ActiveCfg = Release|Any CPU
		{889B7D17-9CD7-4AFC-B3EB-50F7DB2920B8}.Release|ARM.Build.0 = Release|Any CPU
		{889B7D17-9CD7-4AFC-B3EB-50F7DB2920B8}.Release|ARM.Deploy.0 = Release|Any CPU
		{889B7D17-9CD7-4AFC-B3EB-50F7DB2920B8}.Release|iPhone.ActiveCfg = Release|Any CPU
		{889B7D17-9CD7-4AFC-B3EB-50F7DB2920B8}.Release|iPhone.Build.0 = Release|Any CPU
		{889B7D17-9CD7-4AFC-B3EB-50F7DB2920B8}.Release|iPhone.Deploy.0 = Release|Any CPU
		{889B7D17-9CD7-4AFC-B3EB-50F7DB2920B8}.Release|iPhoneSimulator.ActiveCfg = Release|Any CPU
		{889B7D17-9CD7-4AFC-B3EB-50F7DB2920B8}.Release|iPhoneSimulator.Build.0 = Release|Any CPU
		{889B7D17-9CD7-4AFC-B3EB-50F7DB2920B8}.Release|iPhoneSimulator.Deploy.0 = Release|Any CPU
		{889B7D17-9CD7-4AFC-B3EB-50F7DB2920B8}.Release|x64.ActiveCfg = Release|Any CPU
		{889B7D17-9CD7-4AFC-B3EB-50F7DB2920B8}.Release|x64.Build.0 = Release|Any CPU
		{889B7D17-9CD7-4AFC-B3EB-50F7DB2920B8}.Release|x64.Deploy.0 = Release|Any CPU
		{889B7D17-9CD7-4AFC-B3EB-50F7DB2920B8}.Release|x86.ActiveCfg = Release|Any CPU
		{889B7D17-9CD7-4AFC-B3EB-50F7DB2920B8}.Release|x86.Build.0 = Release|Any CPU
		{889B7D17-9CD7-4AFC-B3EB-50F7DB2920B8}.Release|x86.Deploy.0 = Release|Any CPU
	EndGlobalSection
	GlobalSection(SolutionProperties) = preSolution
		HideSolutionNode = FALSE
	EndGlobalSection
	GlobalSection(ExtensibilityGlobals) = postSolution
		SolutionGuid = {6FF39E34-BF15-4768-9E2C-417EACA3A75E}
	EndGlobalSection
EndGlobal
